
Microsoft Visual Studio Solution File, Format Version 12.00
# Visual Studio Version 17
VisualStudioVersion = 17.8.34511.84
MinimumVisualStudioVersion = 10.0.40219.1
Project("{9A19103F-16F7-4668-BE54-9A1E7A4F7556}") = "aac2mp3api", "aac2mp3api\aac2mp3api.csproj", "{8DE81F63-AD20-4C2E-B2FD-18C1DB843BAA}"
EndProject
Project("{9A19103F-16F7-4668-BE54-9A1E7A4F7556}") = "acc2mp3api.tests", "acc2mp3api.tests\acc2mp3api.tests.csproj", "{D22F21FF-A5B9-4120-B719-764D057ABEE8}"
EndProject
Project("{9A19103F-16F7-4668-BE54-9A1E7A4F7556}") = "aac2mp3ConsoleApp", "aac2mp3ConsoleApp\aac2mp3ConsoleApp.csproj", "{FD28955F-C901-45F5-B8FB-E14F96305BA0}"
EndProject
Project("{2150E333-8FDC-42A3-9474-1A3956D46DE8}") = "Solution Items", "Solution Items", "{94A6BC3B-C44E-4E72-B66A-215BC05D4319}"
	ProjectSection(SolutionItems) = preProject
		README.md = README.md
	EndProjectSection
EndProject
Global
	GlobalSection(SolutionConfigurationPlatforms) = preSolution
		Debug|Any CPU = Debug|Any CPU
		Release|Any CPU = Release|Any CPU
	EndGlobalSection
	GlobalSection(ProjectConfigurationPlatforms) = postSolution
		{8DE81F63-AD20-4C2E-B2FD-18C1DB843BAA}.Debug|Any CPU.ActiveCfg = Debug|Any CPU
		{8DE81F63-AD20-4C2E-B2FD-18C1DB843BAA}.Debug|Any CPU.Build.0 = Debug|Any CPU
		{8DE81F63-AD20-4C2E-B2FD-18C1DB843BAA}.Release|Any CPU.ActiveCfg = Release|Any CPU
		{8DE81F63-AD20-4C2E-B2FD-18C1DB843BAA}.Release|Any CPU.Build.0 = Release|Any CPU
		{D22F21FF-A5B9-4120-B719-764D057ABEE8}.Debug|Any CPU.ActiveCfg = Debug|Any CPU
		{D22F21FF-A5B9-4120-B719-764D057ABEE8}.Debug|Any CPU.Build.0 = Debug|Any CPU
		{D22F21FF-A5B9-4120-B719-764D057ABEE8}.Release|Any CPU.ActiveCfg = Release|Any CPU
		{D22F21FF-A5B9-4120-B719-764D057ABEE8}.Release|Any CPU.Build.0 = Release|Any CPU
		{FD28955F-C901-45F5-B8FB-E14F96305BA0}.Debug|Any CPU.ActiveCfg = Debug|Any CPU
		{FD28955F-C901-45F5-B8FB-E14F96305BA0}.Debug|Any CPU.Build.0 = Debug|Any CPU
		{FD28955F-C901-45F5-B8FB-E14F96305BA0}.Release|Any CPU.ActiveCfg = Release|Any CPU
		{FD28955F-C901-45F5-B8FB-E14F96305BA0}.Release|Any CPU.Build.0 = Release|Any CPU
	EndGlobalSection
	GlobalSection(SolutionProperties) = preSolution
		HideSolutionNode = FALSE
	EndGlobalSection
	GlobalSection(ExtensibilityGlobals) = postSolution
		SolutionGuid = {AFED7801-76F2-495C-8EB8-41648308DD92}
	EndGlobalSection
EndGlobal
